
Microsoft Visual Studio Solution File, Format Version 12.00
# Visual Studio Version 17
VisualStudioVersion = 17.9.34701.34
MinimumVisualStudioVersion = 10.0.40219.1
Project("{FAE04EC0-301F-11D3-BF4B-00C04F79EFBC}") = "Blazor-skolan", "Blazor-skolan\Blazor-skolan.csproj", "{D4B92742-AADA-4D69-AB0F-2DBD1CF91548}"
EndProject
Global
	GlobalSection(SolutionConfigurationPlatforms) = preSolution
		Debug|Any CPU = Debug|Any CPU
		Release|Any CPU = Release|Any CPU
	EndGlobalSection
	GlobalSection(ProjectConfigurationPlatforms) = postSolution
		{D4B92742-AADA-4D69-AB0F-2DBD1CF91548}.Debug|Any CPU.ActiveCfg = Debug|Any CPU
		{D4B92742-AADA-4D69-AB0F-2DBD1CF91548}.Debug|Any CPU.Build.0 = Debug|Any CPU
		{D4B92742-AADA-4D69-AB0F-2DBD1CF91548}.Release|Any CPU.ActiveCfg = Release|Any CPU
		{D4B92742-AADA-4D69-AB0F-2DBD1CF91548}.Release|Any CPU.Build.0 = Release|Any CPU
	EndGlobalSection
	GlobalSection(SolutionProperties) = preSolution
		HideSolutionNode = FALSE
	EndGlobalSection
	GlobalSection(ExtensibilityGlobals) = postSolution
		SolutionGuid = {10C0538C-0401-4592-8E97-6D5F00FBB76B}
	EndGlobalSection
EndGlobal
